
Microsoft Visual Studio Solution File, Format Version 12.00
# Visual Studio 15
VisualStudioVersion = 15.0.28307.1622
MinimumVisualStudioVersion = 10.0.40219.1
Project("{FAE04EC0-301F-11D3-BF4B-00C04F79EFBC}") = "Tarea", "Tarea\Tarea.csproj", "{4DA6DE31-21B0-4264-83CF-DA3F782F1DB5}"
EndProject
Global
	GlobalSection(SolutionConfigurationPlatforms) = preSolution
		Debug|Any CPU = Debug|Any CPU
		Release|Any CPU = Release|Any CPU
	EndGlobalSection
	GlobalSection(ProjectConfigurationPlatforms) = postSolution
		{4DA6DE31-21B0-4264-83CF-DA3F782F1DB5}.Debug|Any CPU.ActiveCfg = Debug|Any CPU
		{4DA6DE31-21B0-4264-83CF-DA3F782F1DB5}.Debug|Any CPU.Build.0 = Debug|Any CPU
		{4DA6DE31-21B0-4264-83CF-DA3F782F1DB5}.Release|Any CPU.ActiveCfg = Release|Any CPU
		{4DA6DE31-21B0-4264-83CF-DA3F782F1DB5}.Release|Any CPU.Build.0 = Release|Any CPU
	EndGlobalSection
	GlobalSection(SolutionProperties) = preSolution
		HideSolutionNode = FALSE
	EndGlobalSection
	GlobalSection(ExtensibilityGlobals) = postSolution
		SolutionGuid = {631A5B46-5629-482A-801E-F542181D55B4}
	EndGlobalSection
EndGlobal
